// !$*UTF8*$!
{
	archiveVersion = 1;
	classes = {
	};
	objectVersion = 46;
	objects = {

/* Begin PBXBuildFile section */
		608066FFA53CF6277D8BFF3F /* Pods_MovieAppUITests.framework in Frameworks */ = {isa = PBXBuildFile; fileRef = BD85430FC579C68901B69E16 /* Pods_MovieAppUITests.framework */; };
		CE991B611F164E0900A7EC51 /* ResultTableViewController.swift in Sources */ = {isa = PBXBuildFile; fileRef = CE991B601F164E0900A7EC51 /* ResultTableViewController.swift */; };
		CE991B631F164E9300A7EC51 /* ResultMovieCell.swift in Sources */ = {isa = PBXBuildFile; fileRef = CE991B621F164E9300A7EC51 /* ResultMovieCell.swift */; };
		CE991B6A1F16595F00A7EC51 /* SearchTableViewController.swift in Sources */ = {isa = PBXBuildFile; fileRef = CE991B691F16595F00A7EC51 /* SearchTableViewController.swift */; };
		CE991B6C1F166C4800A7EC51 /* MovieObj.swift in Sources */ = {isa = PBXBuildFile; fileRef = CE991B6B1F166C4800A7EC51 /* MovieObj.swift */; };
		CEE63DC91F151B9B00261349 /* LaunchScreen.storyboard in Resources */ = {isa = PBXBuildFile; fileRef = CEE63DBA1F151B9B00261349 /* LaunchScreen.storyboard */; };
		CEE63DCA1F151B9B00261349 /* Main.storyboard in Resources */ = {isa = PBXBuildFile; fileRef = CEE63DBC1F151B9B00261349 /* Main.storyboard */; };
		CEE63DCB1F151B9B00261349 /* Assets.xcassets in Resources */ = {isa = PBXBuildFile; fileRef = CEE63DBF1F151B9B00261349 /* Assets.xcassets */; };
		CEE63DCD1F151B9B00261349 /* AppDelegate.swift in Sources */ = {isa = PBXBuildFile; fileRef = CEE63DC81F151B9B00261349 /* AppDelegate.swift */; };
		CEE63DD51F15200600261349 /* MovieAppUITests.swift in Sources */ = {isa = PBXBuildFile; fileRef = CEE63DD41F15200600261349 /* MovieAppUITests.swift */; };
		EAD43166A63E9FE369036C61 /* Pods_MovieApp.framework in Frameworks */ = {isa = PBXBuildFile; fileRef = 9880F6E3BD84FA58F8791C08 /* Pods_MovieApp.framework */; };
/* End PBXBuildFile section */

/* Begin PBXContainerItemProxy section */
		CEE63DD71F15200600261349 /* PBXContainerItemProxy */ = {
			isa = PBXContainerItemProxy;
			containerPortal = CEE63D8E1F151A8200261349 /* Project object */;
			proxyType = 1;
			remoteGlobalIDString = CEE63D951F151A8200261349;
			remoteInfo = MovieApp;
		};
/* End PBXContainerItemProxy section */

/* Begin PBXFileReference section */
		603149DBA88D765F1185E60F /* Pods-MovieApp.release.xcconfig */ = {isa = PBXFileReference; includeInIndex = 1; lastKnownFileType = text.xcconfig; name = "Pods-MovieApp.release.xcconfig"; path = "Pods/Target Support Files/Pods-MovieApp/Pods-MovieApp.release.xcconfig"; sourceTree = "<group>"; };
		7C6E96A91F7A50E741DF64E9 /* Pods-MovieAppUITests.debug.xcconfig */ = {isa = PBXFileReference; includeInIndex = 1; lastKnownFileType = text.xcconfig; name = "Pods-MovieAppUITests.debug.xcconfig"; path = "Pods/Target Support Files/Pods-MovieAppUITests/Pods-MovieAppUITests.debug.xcconfig"; sourceTree = "<group>"; };
		8DCD1F6C453207AC7EF87DB4 /* Pods-MovieApp.debug.xcconfig */ = {isa = PBXFileReference; includeInIndex = 1; lastKnownFileType = text.xcconfig; name = "Pods-MovieApp.debug.xcconfig"; path = "Pods/Target Support Files/Pods-MovieApp/Pods-MovieApp.debug.xcconfig"; sourceTree = "<group>"; };
		9880F6E3BD84FA58F8791C08 /* Pods_MovieApp.framework */ = {isa = PBXFileReference; explicitFileType = wrapper.framework; includeInIndex = 0; path = Pods_MovieApp.framework; sourceTree = BUILT_PRODUCTS_DIR; };
		BD85430FC579C68901B69E16 /* Pods_MovieAppUITests.framework */ = {isa = PBXFileReference; explicitFileType = wrapper.framework; includeInIndex = 0; path = Pods_MovieAppUITests.framework; sourceTree = BUILT_PRODUCTS_DIR; };
		C8110739DBC4377A732F0B2E /* Pods-MovieAppUITests.release.xcconfig */ = {isa = PBXFileReference; includeInIndex = 1; lastKnownFileType = text.xcconfig; name = "Pods-MovieAppUITests.release.xcconfig"; path = "Pods/Target Support Files/Pods-MovieAppUITests/Pods-MovieAppUITests.release.xcconfig"; sourceTree = "<group>"; };
		CE991B601F164E0900A7EC51 /* ResultTableViewController.swift */ = {isa = PBXFileReference; fileEncoding = 4; lastKnownFileType = sourcecode.swift; path = ResultTableViewController.swift; sourceTree = "<group>"; };
		CE991B621F164E9300A7EC51 /* ResultMovieCell.swift */ = {isa = PBXFileReference; fileEncoding = 4; lastKnownFileType = sourcecode.swift; path = ResultMovieCell.swift; sourceTree = "<group>"; };
		CE991B691F16595F00A7EC51 /* SearchTableViewController.swift */ = {isa = PBXFileReference; fileEncoding = 4; lastKnownFileType = sourcecode.swift; path = SearchTableViewController.swift; sourceTree = "<group>"; };
		CE991B6B1F166C4800A7EC51 /* MovieObj.swift */ = {isa = PBXFileReference; fileEncoding = 4; lastKnownFileType = sourcecode.swift; path = MovieObj.swift; sourceTree = "<group>"; };
		CEE63D961F151A8200261349 /* MovieApp.app */ = {isa = PBXFileReference; explicitFileType = wrapper.application; includeInIndex = 0; path = MovieApp.app; sourceTree = BUILT_PRODUCTS_DIR; };
		CEE63DBB1F151B9B00261349 /* Base */ = {isa = PBXFileReference; lastKnownFileType = file.storyboard; name = Base; path = Base.lproj/LaunchScreen.storyboard; sourceTree = "<group>"; };
		CEE63DBD1F151B9B00261349 /* Base */ = {isa = PBXFileReference; lastKnownFileType = file.storyboard; name = Base; path = Base.lproj/Main.storyboard; sourceTree = "<group>"; };
		CEE63DBF1F151B9B00261349 /* Assets.xcassets */ = {isa = PBXFileReference; lastKnownFileType = folder.assetcatalog; path = Assets.xcassets; sourceTree = "<group>"; };
		CEE63DC21F151B9B00261349 /* Info.plist */ = {isa = PBXFileReference; fileEncoding = 4; lastKnownFileType = text.plist.xml; path = Info.plist; sourceTree = "<group>"; };
		CEE63DC81F151B9B00261349 /* AppDelegate.swift */ = {isa = PBXFileReference; fileEncoding = 4; lastKnownFileType = sourcecode.swift; path = AppDelegate.swift; sourceTree = "<group>"; };
		CEE63DD21F15200600261349 /* MovieAppUITests.xctest */ = {isa = PBXFileReference; explicitFileType = wrapper.cfbundle; includeInIndex = 0; path = MovieAppUITests.xctest; sourceTree = BUILT_PRODUCTS_DIR; };
		CEE63DD41F15200600261349 /* MovieAppUITests.swift */ = {isa = PBXFileReference; lastKnownFileType = sourcecode.swift; path = MovieAppUITests.swift; sourceTree = "<group>"; };
		CEE63DD61F15200600261349 /* Info.plist */ = {isa = PBXFileReference; lastKnownFileType = text.plist.xml; path = Info.plist; sourceTree = "<group>"; };
/* End PBXFileReference section */

/* Begin PBXFrameworksBuildPhase section */
		CEE63D931F151A8200261349 /* Frameworks */ = {
			isa = PBXFrameworksBuildPhase;
			buildActionMask = 2147483647;
			files = (
				EAD43166A63E9FE369036C61 /* Pods_MovieApp.framework in Frameworks */,
			);
			runOnlyForDeploymentPostprocessing = 0;
		};
		CEE63DCF1F15200600261349 /* Frameworks */ = {
			isa = PBXFrameworksBuildPhase;
			buildActionMask = 2147483647;
			files = (
				608066FFA53CF6277D8BFF3F /* Pods_MovieAppUITests.framework in Frameworks */,
			);
			runOnlyForDeploymentPostprocessing = 0;
		};
/* End PBXFrameworksBuildPhase section */

/* Begin PBXGroup section */
		AAEB7CA4C80CE69CAB5C3AF4 /* Pods */ = {
			isa = PBXGroup;
			children = (
				8DCD1F6C453207AC7EF87DB4 /* Pods-MovieApp.debug.xcconfig */,
				603149DBA88D765F1185E60F /* Pods-MovieApp.release.xcconfig */,
				7C6E96A91F7A50E741DF64E9 /* Pods-MovieAppUITests.debug.xcconfig */,
				C8110739DBC4377A732F0B2E /* Pods-MovieAppUITests.release.xcconfig */,
			);
			name = Pods;
			sourceTree = "<group>";
		};
		CEE63D8D1F151A8200261349 = {
			isa = PBXGroup;
			children = (
				CEE63D981F151A8200261349 /* MovieApp */,
				CEE63DD31F15200600261349 /* MovieAppUITests */,
				CEE63D971F151A8200261349 /* Products */,
				AAEB7CA4C80CE69CAB5C3AF4 /* Pods */,
				EBA4862207904353B3A06121 /* Frameworks */,
			);
			sourceTree = "<group>";
		};
		CEE63D971F151A8200261349 /* Products */ = {
			isa = PBXGroup;
			children = (
				CEE63D961F151A8200261349 /* MovieApp.app */,
				CEE63DD21F15200600261349 /* MovieAppUITests.xctest */,
			);
			name = Products;
			sourceTree = "<group>";
		};
		CEE63D981F151A8200261349 /* MovieApp */ = {
			isa = PBXGroup;
			children = (
				CEE63DB91F151B9B00261349 /* StoryBoards */,
				CEE63DBE1F151B9B00261349 /* Resources */,
				CEE63DC31F151B9B00261349 /* Movies */,
				CEE63DC71F151B9B00261349 /* App Delegate */,
			);
			path = MovieApp;
			sourceTree = "<group>";
		};
		CEE63DB91F151B9B00261349 /* StoryBoards */ = {
			isa = PBXGroup;
			children = (
				CEE63DBA1F151B9B00261349 /* LaunchScreen.storyboard */,
				CEE63DBC1F151B9B00261349 /* Main.storyboard */,
			);
			path = StoryBoards;
			sourceTree = "<group>";
		};
		CEE63DBE1F151B9B00261349 /* Resources */ = {
			isa = PBXGroup;
			children = (
				CEE63DBF1F151B9B00261349 /* Assets.xcassets */,
				CEE63DC01F151B9B00261349 /* Classes */,
				CEE63DC11F151B9B00261349 /* Extensions */,
				CEE63DC21F151B9B00261349 /* Info.plist */,
			);
			path = Resources;
			sourceTree = "<group>";
		};
		CEE63DC01F151B9B00261349 /* Classes */ = {
			isa = PBXGroup;
			children = (
			);
			path = Classes;
			sourceTree = "<group>";
		};
		CEE63DC11F151B9B00261349 /* Extensions */ = {
			isa = PBXGroup;
			children = (
			);
			path = Extensions;
			sourceTree = "<group>";
		};
		CEE63DC31F151B9B00261349 /* Movies */ = {
			isa = PBXGroup;
			children = (
				CEE63DC41F151B9B00261349 /* Controller */,
				CEE63DC51F151B9B00261349 /* Model */,
				CEE63DC61F151B9B00261349 /* View */,
			);
			path = Movies;
			sourceTree = "<group>";
		};
		CEE63DC41F151B9B00261349 /* Controller */ = {
			isa = PBXGroup;
			children = (
				CE991B691F16595F00A7EC51 /* SearchTableViewController.swift */,
				CE991B601F164E0900A7EC51 /* ResultTableViewController.swift */,
			);
			path = Controller;
			sourceTree = "<group>";
		};
		CEE63DC51F151B9B00261349 /* Model */ = {
			isa = PBXGroup;
			children = (
				CE991B6B1F166C4800A7EC51 /* MovieObj.swift */,
			);
			path = Model;
			sourceTree = "<group>";
		};
		CEE63DC61F151B9B00261349 /* View */ = {
			isa = PBXGroup;
			children = (
				CE991B621F164E9300A7EC51 /* ResultMovieCell.swift */,
			);
			path = View;
			sourceTree = "<group>";
		};
		CEE63DC71F151B9B00261349 /* App Delegate */ = {
			isa = PBXGroup;
			children = (
				CEE63DC81F151B9B00261349 /* AppDelegate.swift */,
			);
			path = "App Delegate";
			sourceTree = "<group>";
		};
		CEE63DD31F15200600261349 /* MovieAppUITests */ = {
			isa = PBXGroup;
			children = (
				CEE63DD41F15200600261349 /* MovieAppUITests.swift */,
				CEE63DD61F15200600261349 /* Info.plist */,
			);
			path = MovieAppUITests;
			sourceTree = "<group>";
		};
		EBA4862207904353B3A06121 /* Frameworks */ = {
			isa = PBXGroup;
			children = (
				9880F6E3BD84FA58F8791C08 /* Pods_MovieApp.framework */,
				BD85430FC579C68901B69E16 /* Pods_MovieAppUITests.framework */,
			);
			name = Frameworks;
			sourceTree = "<group>";
		};
/* End PBXGroup section */

/* Begin PBXNativeTarget section */
		CEE63D951F151A8200261349 /* MovieApp */ = {
			isa = PBXNativeTarget;
			buildConfigurationList = CEE63DB31F151A8300261349 /* Build configuration list for PBXNativeTarget "MovieApp" */;
			buildPhases = (
				BE6BDFA8686FE80DDDE975F1 /* [CP] Check Pods Manifest.lock */,
				CEE63D921F151A8200261349 /* Sources */,
				CEE63D931F151A8200261349 /* Frameworks */,
				CEE63D941F151A8200261349 /* Resources */,
				4F092A6BBA32AEB0F38798C7 /* [CP] Embed Pods Frameworks */,
				3459081C13E0A4042DF2B190 /* [CP] Copy Pods Resources */,
			);
			buildRules = (
			);
			dependencies = (
			);
			name = MovieApp;
			productName = MovieApp;
			productReference = CEE63D961F151A8200261349 /* MovieApp.app */;
			productType = "com.apple.product-type.application";
		};
		CEE63DD11F15200600261349 /* MovieAppUITests */ = {
			isa = PBXNativeTarget;
			buildConfigurationList = CEE63DDB1F15200600261349 /* Build configuration list for PBXNativeTarget "MovieAppUITests" */;
			buildPhases = (
				9B6D1DAB22F41516855B6069 /* [CP] Check Pods Manifest.lock */,
				CEE63DCE1F15200600261349 /* Sources */,
				CEE63DCF1F15200600261349 /* Frameworks */,
				CEE63DD01F15200600261349 /* Resources */,
				30D75007B58C64FB045466A0 /* [CP] Embed Pods Frameworks */,
				1A60482F679077E2B466E858 /* [CP] Copy Pods Resources */,
			);
			buildRules = (
			);
			dependencies = (
				CEE63DD81F15200600261349 /* PBXTargetDependency */,
			);
			name = MovieAppUITests;
			productName = MovieAppUITests;
			productReference = CEE63DD21F15200600261349 /* MovieAppUITests.xctest */;
			productType = "com.apple.product-type.bundle.ui-testing";
		};
/* End PBXNativeTarget section */

/* Begin PBXProject section */
		CEE63D8E1F151A8200261349 /* Project object */ = {
			isa = PBXProject;
			attributes = {
				LastSwiftUpdateCheck = 0830;
				LastUpgradeCheck = 0830;
				ORGANIZATIONNAME = "Hawish Softwares";
				TargetAttributes = {
					CEE63D951F151A8200261349 = {
						CreatedOnToolsVersion = 8.3.3;
						ProvisioningStyle = Automatic;
					};
					CEE63DD11F15200600261349 = {
						CreatedOnToolsVersion = 8.3.3;
						DevelopmentTeam = NG9767362J;
						ProvisioningStyle = Automatic;
						TestTargetID = CEE63D951F151A8200261349;
					};
				};
			};
			buildConfigurationList = CEE63D911F151A8200261349 /* Build configuration list for PBXProject "MovieApp" */;
			compatibilityVersion = "Xcode 3.2";
			developmentRegion = English;
			hasScannedForEncodings = 0;
			knownRegions = (
				en,
				Base,
			);
			mainGroup = CEE63D8D1F151A8200261349;
			productRefGroup = CEE63D971F151A8200261349 /* Products */;
			projectDirPath = "";
			projectRoot = "";
			targets = (
				CEE63D951F151A8200261349 /* MovieApp */,
				CEE63DD11F15200600261349 /* MovieAppUITests */,
			);
		};
/* End PBXProject section */

/* Begin PBXResourcesBuildPhase section */
		CEE63D941F151A8200261349 /* Resources */ = {
			isa = PBXResourcesBuildPhase;
			buildActionMask = 2147483647;
			files = (
				CEE63DCA1F151B9B00261349 /* Main.storyboard in Resources */,
				CEE63DC91F151B9B00261349 /* LaunchScreen.storyboard in Resources */,
				CEE63DCB1F151B9B00261349 /* Assets.xcassets in Resources */,
			);
			runOnlyForDeploymentPostprocessing = 0;
		};
		CEE63DD01F15200600261349 /* Resources */ = {
			isa = PBXResourcesBuildPhase;
			buildActionMask = 2147483647;
			files = (
			);
			runOnlyForDeploymentPostprocessing = 0;
		};
/* End PBXResourcesBuildPhase section */

/* Begin PBXShellScriptBuildPhase section */
		1A60482F679077E2B466E858 /* [CP] Copy Pods Resources */ = {
			isa = PBXShellScriptBuildPhase;
			buildActionMask = 2147483647;
			files = (
			);
			inputPaths = (
			);
			name = "[CP] Copy Pods Resources";
			outputPaths = (
			);
			runOnlyForDeploymentPostprocessing = 0;
			shellPath = /bin/sh;
			shellScript = "\"${SRCROOT}/Pods/Target Support Files/Pods-MovieAppUITests/Pods-MovieAppUITests-resources.sh\"\n";
			showEnvVarsInLog = 0;
		};
		30D75007B58C64FB045466A0 /* [CP] Embed Pods Frameworks */ = {
			isa = PBXShellScriptBuildPhase;
			buildActionMask = 2147483647;
			files = (
			);
			inputPaths = (
			);
			name = "[CP] Embed Pods Frameworks";
			outputPaths = (
			);
			runOnlyForDeploymentPostprocessing = 0;
			shellPath = /bin/sh;
			shellScript = "\"${SRCROOT}/Pods/Target Support Files/Pods-MovieAppUITests/Pods-MovieAppUITests-frameworks.sh\"\n";
			showEnvVarsInLog = 0;
		};
		3459081C13E0A4042DF2B190 /* [CP] Copy Pods Resources */ = {
			isa = PBXShellScriptBuildPhase;
			buildActionMask = 2147483647;
			files = (
			);
			inputPaths = (
			);
			name = "[CP] Copy Pods Resources";
			outputPaths = (
			);
			runOnlyForDeploymentPostprocessing = 0;
			shellPath = /bin/sh;
			shellScript = "\"${SRCROOT}/Pods/Target Support Files/Pods-MovieApp/Pods-MovieApp-resources.sh\"\n";
			showEnvVarsInLog = 0;
		};
		4F092A6BBA32AEB0F38798C7 /* [CP] Embed Pods Frameworks */ = {
			isa = PBXShellScriptBuildPhase;
			buildActionMask = 2147483647;
			files = (
			);
			inputPaths = (
			);
			name = "[CP] Embed Pods Frameworks";
			outputPaths = (
			);
			runOnlyForDeploymentPostprocessing = 0;
			shellPath = /bin/sh;
			shellScript = "\"${SRCROOT}/Pods/Target Support Files/Pods-MovieApp/Pods-MovieApp-frameworks.sh\"\n";
			showEnvVarsInLog = 0;
		};
		9B6D1DAB22F41516855B6069 /* [CP] Check Pods Manifest.lock */ = {
			isa = PBXShellScriptBuildPhase;
			buildActionMask = 2147483647;
			files = (
			);
			inputPaths = (
			);
			name = "[CP] Check Pods Manifest.lock";
			outputPaths = (
			);
			runOnlyForDeploymentPostprocessing = 0;
			shellPath = /bin/sh;
			shellScript = "diff \"${PODS_ROOT}/../Podfile.lock\" \"${PODS_ROOT}/Manifest.lock\" > /dev/null\nif [ $? != 0 ] ; then\n    # print error to STDERR\n    echo \"error: The sandbox is not in sync with the Podfile.lock. Run 'pod install' or update your CocoaPods installation.\" >&2\n    exit 1\nfi\n";
			showEnvVarsInLog = 0;
		};
		BE6BDFA8686FE80DDDE975F1 /* [CP] Check Pods Manifest.lock */ = {
			isa = PBXShellScriptBuildPhase;
			buildActionMask = 2147483647;
			files = (
			);
			inputPaths = (
			);
			name = "[CP] Check Pods Manifest.lock";
			outputPaths = (
			);
			runOnlyForDeploymentPostprocessing = 0;
			shellPath = /bin/sh;
			shellScript = "diff \"${PODS_ROOT}/../Podfile.lock\" \"${PODS_ROOT}/Manifest.lock\" > /dev/null\nif [ $? != 0 ] ; then\n    # print error to STDERR\n    echo \"error: The sandbox is not in sync with the Podfile.lock. Run 'pod install' or update your CocoaPods installation.\" >&2\n    exit 1\nfi\n";
			showEnvVarsInLog = 0;
		};
/* End PBXShellScriptBuildPhase section */

/* Begin PBXSourcesBuildPhase section */
		CEE63D921F151A8200261349 /* Sources */ = {
			isa = PBXSourcesBuildPhase;
			buildActionMask = 2147483647;
			files = (
				CEE63DCD1F151B9B00261349 /* AppDelegate.swift in Sources */,
				CE991B611F164E0900A7EC51 /* ResultTableViewController.swift in Sources */,
				CE991B631F164E9300A7EC51 /* ResultMovieCell.swift in Sources */,
				CE991B6A1F16595F00A7EC51 /* SearchTableViewController.swift in Sources */,
				CE991B6C1F166C4800A7EC51 /* MovieObj.swift in Sources */,
			);
			runOnlyForDeploymentPostprocessing = 0;
		};
		CEE63DCE1F15200600261349 /* Sources */ = {
			isa = PBXSourcesBuildPhase;
			buildActionMask = 2147483647;
			files = (
				CEE63DD51F15200600261349 /* MovieAppUITests.swift in Sources */,
			);
			runOnlyForDeploymentPostprocessing = 0;
		};
/* End PBXSourcesBuildPhase section */

/* Begin PBXTargetDependency section */
		CEE63DD81F15200600261349 /* PBXTargetDependency */ = {
			isa = PBXTargetDependency;
			target = CEE63D951F151A8200261349 /* MovieApp */;
			targetProxy = CEE63DD71F15200600261349 /* PBXContainerItemProxy */;
		};
/* End PBXTargetDependency section */

/* Begin PBXVariantGroup section */
		CEE63DBA1F151B9B00261349 /* LaunchScreen.storyboard */ = {
			isa = PBXVariantGroup;
			children = (
				CEE63DBB1F151B9B00261349 /* Base */,
			);
			name = LaunchScreen.storyboard;
			sourceTree = "<group>";
		};
		CEE63DBC1F151B9B00261349 /* Main.storyboard */ = {
			isa = PBXVariantGroup;
			children = (
				CEE63DBD1F151B9B00261349 /* Base */,
			);
			name = Main.storyboard;
			sourceTree = "<group>";
		};
/* End PBXVariantGroup section */

/* Begin XCBuildConfiguration section */
		CEE63DB11F151A8300261349 /* Debug */ = {
			isa = XCBuildConfiguration;
			buildSettings = {
				ALWAYS_SEARCH_USER_PATHS = NO;
				CLANG_ANALYZER_NONNULL = YES;
				CLANG_ANALYZER_NUMBER_OBJECT_CONVERSION = YES_AGGRESSIVE;
				CLANG_CXX_LANGUAGE_STANDARD = "gnu++0x";
				CLANG_CXX_LIBRARY = "libc++";
				CLANG_ENABLE_MODULES = YES;
				CLANG_ENABLE_OBJC_ARC = YES;
				CLANG_WARN_BOOL_CONVERSION = YES;
				CLANG_WARN_CONSTANT_CONVERSION = YES;
				CLANG_WARN_DIRECT_OBJC_ISA_USAGE = YES_ERROR;
				CLANG_WARN_DOCUMENTATION_COMMENTS = YES;
				CLANG_WARN_EMPTY_BODY = YES;
				CLANG_WARN_ENUM_CONVERSION = YES;
				CLANG_WARN_INFINITE_RECURSION = YES;
				CLANG_WARN_INT_CONVERSION = YES;
				CLANG_WARN_OBJC_ROOT_CLASS = YES_ERROR;
				CLANG_WARN_SUSPICIOUS_MOVE = YES;
				CLANG_WARN_UNREACHABLE_CODE = YES;
				CLANG_WARN__DUPLICATE_METHOD_MATCH = YES;
				"CODE_SIGN_IDENTITY[sdk=iphoneos*]" = "iPhone Developer";
				COPY_PHASE_STRIP = NO;
				DEBUG_INFORMATION_FORMAT = dwarf;
				ENABLE_STRICT_OBJC_MSGSEND = YES;
				ENABLE_TESTABILITY = YES;
				GCC_C_LANGUAGE_STANDARD = gnu99;
				GCC_DYNAMIC_NO_PIC = NO;
				GCC_NO_COMMON_BLOCKS = YES;
				GCC_OPTIMIZATION_LEVEL = 0;
				GCC_PREPROCESSOR_DEFINITIONS = (
					"DEBUG=1",
					"$(inherited)",
				);
				GCC_WARN_64_TO_32_BIT_CONVERSION = YES;
				GCC_WARN_ABOUT_RETURN_TYPE = YES_ERROR;
				GCC_WARN_UNDECLARED_SELECTOR = YES;
				GCC_WARN_UNINITIALIZED_AUTOS = YES_AGGRESSIVE;
				GCC_WARN_UNUSED_FUNCTION = YES;
				GCC_WARN_UNUSED_VARIABLE = YES;
				IPHONEOS_DEPLOYMENT_TARGET = 10.3;
				MTL_ENABLE_DEBUG_INFO = YES;
				ONLY_ACTIVE_ARCH = YES;
				SDKROOT = iphoneos;
				SWIFT_ACTIVE_COMPILATION_CONDITIONS = DEBUG;
				SWIFT_OPTIMIZATION_LEVEL = "-Onone";
			};
			name = Debug;
		};
		CEE63DB21F151A8300261349 /* Release */ = {
			isa = XCBuildConfiguration;
			buildSettings = {
				ALWAYS_SEARCH_USER_PATHS = NO;
				CLANG_ANALYZER_NONNULL = YES;
				CLANG_ANALYZER_NUMBER_OBJECT_CONVERSION = YES_AGGRESSIVE;
				CLANG_CXX_LANGUAGE_STANDARD = "gnu++0x";
				CLANG_CXX_LIBRARY = "libc++";
				CLANG_ENABLE_MODULES = YES;
				CLANG_ENABLE_OBJC_ARC = YES;
				CLANG_WARN_BOOL_CONVERSION = YES;
				CLANG_WARN_CONSTANT_CONVERSION = YES;
				CLANG_WARN_DIRECT_OBJC_ISA_USAGE = YES_ERROR;
				CLANG_WARN_DOCUMENTATION_COMMENTS = YES;
				CLANG_WARN_EMPTY_BODY = YES;
				CLANG_WARN_ENUM_CONVERSION = YES;
				CLANG_WARN_INFINITE_RECURSION = YES;
				CLANG_WARN_INT_CONVERSION = YES;
				CLANG_WARN_OBJC_ROOT_CLASS = YES_ERROR;
				CLANG_WARN_SUSPICIOUS_MOVE = YES;
				CLANG_WARN_UNREACHABLE_CODE = YES;
				CLANG_WARN__DUPLICATE_METHOD_MATCH = YES;
				"CODE_SIGN_IDENTITY[sdk=iphoneos*]" = "iPhone Developer";
				COPY_PHASE_STRIP = NO;
				DEBUG_INFORMATION_FORMAT = "dwarf-with-dsym";
				ENABLE_NS_ASSERTIONS = NO;
				ENABLE_STRICT_OBJC_MSGSEND = YES;
				GCC_C_LANGUAGE_STANDARD = gnu99;
				GCC_NO_COMMON_BLOCKS = YES;
				GCC_WARN_64_TO_32_BIT_CONVERSION = YES;
				GCC_WARN_ABOUT_RETURN_TYPE = YES_ERROR;
				GCC_WARN_UNDECLARED_SELECTOR = YES;
				GCC_WARN_UNINITIALIZED_AUTOS = YES_AGGRESSIVE;
				GCC_WARN_UNUSED_FUNCTION = YES;
				GCC_WARN_UNUSED_VARIABLE = YES;
				IPHONEOS_DEPLOYMENT_TARGET = 10.3;
				MTL_ENABLE_DEBUG_INFO = NO;
				SDKROOT = iphoneos;
				SWIFT_OPTIMIZATION_LEVEL = "-Owholemodule";
				VALIDATE_PRODUCT = YES;
			};
			name = Release;
		};
		CEE63DB41F151A8300261349 /* Debug */ = {
			isa = XCBuildConfiguration;
			baseConfigurationReference = 8DCD1F6C453207AC7EF87DB4 /* Pods-MovieApp.debug.xcconfig */;
			buildSettings = {
				ALWAYS_EMBED_SWIFT_STANDARD_LIBRARIES = YES;
				ASSETCATALOG_COMPILER_APPICON_NAME = AppIcon;
				DEVELOPMENT_TEAM = "";
				INFOPLIST_FILE = MovieApp/Resources/Info.plist;
				LD_RUNPATH_SEARCH_PATHS = "$(inherited) @executable_path/Frameworks";
				PRODUCT_BUNDLE_IDENTIFIER = com.Hawish.MovieApp;
				PRODUCT_NAME = "$(TARGET_NAME)";
				SWIFT_VERSION = 3.0;
			};
			name = Debug;
		};
		CEE63DB51F151A8300261349 /* Release */ = {
			isa = XCBuildConfiguration;
			baseConfigurationReference = 603149DBA88D765F1185E60F /* Pods-MovieApp.release.xcconfig */;
			buildSettings = {
				ALWAYS_EMBED_SWIFT_STANDARD_LIBRARIES = YES;
				ASSETCATALOG_COMPILER_APPICON_NAME = AppIcon;
				DEVELOPMENT_TEAM = "";
				INFOPLIST_FILE = MovieApp/Resources/Info.plist;
				LD_RUNPATH_SEARCH_PATHS = "$(inherited) @executable_path/Frameworks";
				PRODUCT_BUNDLE_IDENTIFIER = com.Hawish.MovieApp;
				PRODUCT_NAME = "$(TARGET_NAME)";
				SWIFT_VERSION = 3.0;
			};
			name = Release;
		};
		CEE63DD91F15200600261349 /* Debug */ = {
			isa = XCBuildConfiguration;
			baseConfigurationReference = 7C6E96A91F7A50E741DF64E9 /* Pods-MovieAppUITests.debug.xcconfig */;
			buildSettings = {
				ALWAYS_EMBED_SWIFT_STANDARD_LIBRARIES = YES;
				DEVELOPMENT_TEAM = NG9767362J;
				INFOPLIST_FILE = MovieAppUITests/Info.plist;
				LD_RUNPATH_SEARCH_PATHS = "$(inherited) @executable_path/Frameworks @loader_path/Frameworks";
				PRODUCT_BUNDLE_IDENTIFIER = com.Hawish.MovieAppUITests;
				PRODUCT_NAME = "$(TARGET_NAME)";
				SWIFT_VERSION = 3.0;
				TEST_TARGET_NAME = MovieApp;
			};
			name = Debug;
		};
		CEE63DDA1F15200600261349 /* Release */ = {
			isa = XCBuildConfiguration;
			baseConfigurationReference = C8110739DBC4377A732F0B2E /* Pods-MovieAppUITests.release.xcconfig */;
			buildSettings = {
				ALWAYS_EMBED_SWIFT_STANDARD_LIBRARIES = YES;
				DEVELOPMENT_TEAM = NG9767362J;
				INFOPLIST_FILE = MovieAppUITests/Info.plist;
				LD_RUNPATH_SEARCH_PATHS = "$(inherited) @executable_path/Frameworks @loader_path/Frameworks";
				PRODUCT_BUNDLE_IDENTIFIER = com.Hawish.MovieAppUITests;
				PRODUCT_NAME = "$(TARGET_NAME)";
				SWIFT_VERSION = 3.0;
				TEST_TARGET_NAME = MovieApp;
			};
			name = Release;
		};
/* End XCBuildConfiguration section */

/* Begin XCConfigurationList section */
		CEE63D911F151A8200261349 /* Build configuration list for PBXProject "MovieApp" */ = {
			isa = XCConfigurationList;
			buildConfigurations = (
				CEE63DB11F151A8300261349 /* Debug */,
				CEE63DB21F151A8300261349 /* Release */,
			);
			defaultConfigurationIsVisible = 0;
			defaultConfigurationName = Release;
		};
		CEE63DB31F151A8300261349 /* Build configuration list for PBXNativeTarget "MovieApp" */ = {
			isa = XCConfigurationList;
			buildConfigurations = (
				CEE63DB41F151A8300261349 /* Debug */,
				CEE63DB51F151A8300261349 /* Release */,
			);
			defaultConfigurationIsVisible = 0;
			defaultConfigurationName = Release;
		};
		CEE63DDB1F15200600261349 /* Build configuration list for PBXNativeTarget "MovieAppUITests" */ = {
			isa = XCConfigurationList;
			buildConfigurations = (
				CEE63DD91F15200600261349 /* Debug */,
				CEE63DDA1F15200600261349 /* Release */,
			);
			defaultConfigurationIsVisible = 0;
			defaultConfigurationName = Release;
		};
/* End XCConfigurationList section */
	};
	rootObject = CEE63D8E1F151A8200261349 /* Project object */;
}
