// !$*UTF8*$!
{
	archiveVersion = 1;
	classes = {
	};
	objectVersion = 46;
	objects = {

/* Begin PBXBuildFile section */
		CEE63DAF1F151A8300261349 /* MovieAppTests.swift in Sources */ = {isa = PBXBuildFile; fileRef = CEE63DAE1F151A8300261349 /* MovieAppTests.swift */; };
		CEE63DC91F151B9B00261349 /* LaunchScreen.storyboard in Resources */ = {isa = PBXBuildFile; fileRef = CEE63DBA1F151B9B00261349 /* LaunchScreen.storyboard */; };
		CEE63DCA1F151B9B00261349 /* Main.storyboard in Resources */ = {isa = PBXBuildFile; fileRef = CEE63DBC1F151B9B00261349 /* Main.storyboard */; };
		CEE63DCB1F151B9B00261349 /* Assets.xcassets in Resources */ = {isa = PBXBuildFile; fileRef = CEE63DBF1F151B9B00261349 /* Assets.xcassets */; };
		CEE63DCC1F151B9B00261349 /* Info.plist in Resources */ = {isa = PBXBuildFile; fileRef = CEE63DC21F151B9B00261349 /* Info.plist */; };
		CEE63DCD1F151B9B00261349 /* AppDelegate.swift in Sources */ = {isa = PBXBuildFile; fileRef = CEE63DC81F151B9B00261349 /* AppDelegate.swift */; };
/* End PBXBuildFile section */

/* Begin PBXContainerItemProxy section */
		CEE63DAB1F151A8300261349 /* PBXContainerItemProxy */ = {
			isa = PBXContainerItemProxy;
			containerPortal = CEE63D8E1F151A8200261349 /* Project object */;
			proxyType = 1;
			remoteGlobalIDString = CEE63D951F151A8200261349;
			remoteInfo = MovieApp;
		};
/* End PBXContainerItemProxy section */

/* Begin PBXFileReference section */
		CEE63D961F151A8200261349 /* MovieApp.app */ = {isa = PBXFileReference; explicitFileType = wrapper.application; includeInIndex = 0; path = MovieApp.app; sourceTree = BUILT_PRODUCTS_DIR; };
		CEE63DAA1F151A8300261349 /* MovieAppTests.xctest */ = {isa = PBXFileReference; explicitFileType = wrapper.cfbundle; includeInIndex = 0; path = MovieAppTests.xctest; sourceTree = BUILT_PRODUCTS_DIR; };
		CEE63DAE1F151A8300261349 /* MovieAppTests.swift */ = {isa = PBXFileReference; lastKnownFileType = sourcecode.swift; path = MovieAppTests.swift; sourceTree = "<group>"; };
		CEE63DB01F151A8300261349 /* Info.plist */ = {isa = PBXFileReference; lastKnownFileType = text.plist.xml; path = Info.plist; sourceTree = "<group>"; };
		CEE63DBB1F151B9B00261349 /* Base */ = {isa = PBXFileReference; lastKnownFileType = file.storyboard; name = Base; path = Base.lproj/LaunchScreen.storyboard; sourceTree = "<group>"; };
		CEE63DBD1F151B9B00261349 /* Base */ = {isa = PBXFileReference; lastKnownFileType = file.storyboard; name = Base; path = Base.lproj/Main.storyboard; sourceTree = "<group>"; };
		CEE63DBF1F151B9B00261349 /* Assets.xcassets */ = {isa = PBXFileReference; lastKnownFileType = folder.assetcatalog; path = Assets.xcassets; sourceTree = "<group>"; };
		CEE63DC21F151B9B00261349 /* Info.plist */ = {isa = PBXFileReference; fileEncoding = 4; lastKnownFileType = text.plist.xml; path = Info.plist; sourceTree = "<group>"; };
		CEE63DC81F151B9B00261349 /* AppDelegate.swift */ = {isa = PBXFileReference; fileEncoding = 4; lastKnownFileType = sourcecode.swift; path = AppDelegate.swift; sourceTree = "<group>"; };
/* End PBXFileReference section */

/* Begin PBXFrameworksBuildPhase section */
		CEE63D931F151A8200261349 /* Frameworks */ = {
			isa = PBXFrameworksBuildPhase;
			buildActionMask = 2147483647;
			files = (
			);
			runOnlyForDeploymentPostprocessing = 0;
		};
		CEE63DA71F151A8300261349 /* Frameworks */ = {
			isa = PBXFrameworksBuildPhase;
			buildActionMask = 2147483647;
			files = (
			);
			runOnlyForDeploymentPostprocessing = 0;
		};
/* End PBXFrameworksBuildPhase section */

/* Begin PBXGroup section */
		CEE63D8D1F151A8200261349 = {
			isa = PBXGroup;
			children = (
				CEE63D981F151A8200261349 /* MovieApp */,
				CEE63DAD1F151A8300261349 /* MovieAppTests */,
				CEE63D971F151A8200261349 /* Products */,
			);
			sourceTree = "<group>";
		};
		CEE63D971F151A8200261349 /* Products */ = {
			isa = PBXGroup;
			children = (
				CEE63D961F151A8200261349 /* MovieApp.app */,
				CEE63DAA1F151A8300261349 /* MovieAppTests.xctest */,
			);
			name = Products;
			sourceTree = "<group>";
		};
		CEE63D981F151A8200261349 /* MovieApp */ = {
			isa = PBXGroup;
			children = (
				CEE63DB91F151B9B00261349 /* StoryBoards */,
				CEE63DBE1F151B9B00261349 /* Resources */,
				CEE63DC31F151B9B00261349 /* Movies */,
				CEE63DC71F151B9B00261349 /* App Delegate */,
			);
			path = MovieApp;
			sourceTree = "<group>";
		};
		CEE63DAD1F151A8300261349 /* MovieAppTests */ = {
			isa = PBXGroup;
			children = (
				CEE63DAE1F151A8300261349 /* MovieAppTests.swift */,
				CEE63DB01F151A8300261349 /* Info.plist */,
			);
			path = MovieAppTests;
			sourceTree = "<group>";
		};
		CEE63DB91F151B9B00261349 /* StoryBoards */ = {
			isa = PBXGroup;
			children = (
				CEE63DBA1F151B9B00261349 /* LaunchScreen.storyboard */,
				CEE63DBC1F151B9B00261349 /* Main.storyboard */,
			);
			path = StoryBoards;
			sourceTree = "<group>";
		};
		CEE63DBE1F151B9B00261349 /* Resources */ = {
			isa = PBXGroup;
			children = (
				CEE63DBF1F151B9B00261349 /* Assets.xcassets */,
				CEE63DC01F151B9B00261349 /* Classes */,
				CEE63DC11F151B9B00261349 /* Extensions */,
				CEE63DC21F151B9B00261349 /* Info.plist */,
			);
			path = Resources;
			sourceTree = "<group>";
		};
		CEE63DC01F151B9B00261349 /* Classes */ = {
			isa = PBXGroup;
			children = (
			);
			path = Classes;
			sourceTree = "<group>";
		};
		CEE63DC11F151B9B00261349 /* Extensions */ = {
			isa = PBXGroup;
			children = (
			);
			path = Extensions;
			sourceTree = "<group>";
		};
		CEE63DC31F151B9B00261349 /* Movies */ = {
			isa = PBXGroup;
			children = (
				CEE63DC41F151B9B00261349 /* Controller */,
				CEE63DC51F151B9B00261349 /* Model */,
				CEE63DC61F151B9B00261349 /* View */,
			);
			path = Movies;
			sourceTree = "<group>";
		};
		CEE63DC41F151B9B00261349 /* Controller */ = {
			isa = PBXGroup;
			children = (
			);
			path = Controller;
			sourceTree = "<group>";
		};
		CEE63DC51F151B9B00261349 /* Model */ = {
			isa = PBXGroup;
			children = (
			);
			path = Model;
			sourceTree = "<group>";
		};
		CEE63DC61F151B9B00261349 /* View */ = {
			isa = PBXGroup;
			children = (
			);
			path = View;
			sourceTree = "<group>";
		};
		CEE63DC71F151B9B00261349 /* App Delegate */ = {
			isa = PBXGroup;
			children = (
				CEE63DC81F151B9B00261349 /* AppDelegate.swift */,
			);
			path = "App Delegate";
			sourceTree = "<group>";
		};
/* End PBXGroup section */

/* Begin PBXNativeTarget section */
		CEE63D951F151A8200261349 /* MovieApp */ = {
			isa = PBXNativeTarget;
			buildConfigurationList = CEE63DB31F151A8300261349 /* Build configuration list for PBXNativeTarget "MovieApp" */;
			buildPhases = (
				CEE63D921F151A8200261349 /* Sources */,
				CEE63D931F151A8200261349 /* Frameworks */,
				CEE63D941F151A8200261349 /* Resources */,
			);
			buildRules = (
			);
			dependencies = (
			);
			name = MovieApp;
			productName = MovieApp;
			productReference = CEE63D961F151A8200261349 /* MovieApp.app */;
			productType = "com.apple.product-type.application";
		};
		CEE63DA91F151A8300261349 /* MovieAppTests */ = {
			isa = PBXNativeTarget;
			buildConfigurationList = CEE63DB61F151A8300261349 /* Build configuration list for PBXNativeTarget "MovieAppTests" */;
			buildPhases = (
				CEE63DA61F151A8300261349 /* Sources */,
				CEE63DA71F151A8300261349 /* Frameworks */,
				CEE63DA81F151A8300261349 /* Resources */,
			);
			buildRules = (
			);
			dependencies = (
				CEE63DAC1F151A8300261349 /* PBXTargetDependency */,
			);
			name = MovieAppTests;
			productName = MovieAppTests;
			productReference = CEE63DAA1F151A8300261349 /* MovieAppTests.xctest */;
			productType = "com.apple.product-type.bundle.unit-test";
		};
/* End PBXNativeTarget section */

/* Begin PBXProject section */
		CEE63D8E1F151A8200261349 /* Project object */ = {
			isa = PBXProject;
			attributes = {
				LastSwiftUpdateCheck = 0830;
				LastUpgradeCheck = 0830;
				ORGANIZATIONNAME = "Hawish Softwares";
				TargetAttributes = {
					CEE63D951F151A8200261349 = {
						CreatedOnToolsVersion = 8.3.3;
						ProvisioningStyle = Automatic;
					};
					CEE63DA91F151A8300261349 = {
						CreatedOnToolsVersion = 8.3.3;
						ProvisioningStyle = Automatic;
						TestTargetID = CEE63D951F151A8200261349;
					};
				};
			};
			buildConfigurationList = CEE63D911F151A8200261349 /* Build configuration list for PBXProject "MovieApp" */;
			compatibilityVersion = "Xcode 3.2";
			developmentRegion = English;
			hasScannedForEncodings = 0;
			knownRegions = (
				en,
				Base,
			);
			mainGroup = CEE63D8D1F151A8200261349;
			productRefGroup = CEE63D971F151A8200261349 /* Products */;
			projectDirPath = "";
			projectRoot = "";
			targets = (
				CEE63D951F151A8200261349 /* MovieApp */,
				CEE63DA91F151A8300261349 /* MovieAppTests */,
			);
		};
/* End PBXProject section */

/* Begin PBXResourcesBuildPhase section */
		CEE63D941F151A8200261349 /* Resources */ = {
			isa = PBXResourcesBuildPhase;
			buildActionMask = 2147483647;
			files = (
				CEE63DCA1F151B9B00261349 /* Main.storyboard in Resources */,
				CEE63DC91F151B9B00261349 /* LaunchScreen.storyboard in Resources */,
				CEE63DCB1F151B9B00261349 /* Assets.xcassets in Resources */,
				CEE63DCC1F151B9B00261349 /* Info.plist in Resources */,
			);
			runOnlyForDeploymentPostprocessing = 0;
		};
		CEE63DA81F151A8300261349 /* Resources */ = {
			isa = PBXResourcesBuildPhase;
			buildActionMask = 2147483647;
			files = (
			);
			runOnlyForDeploymentPostprocessing = 0;
		};
/* End PBXResourcesBuildPhase section */

/* Begin PBXSourcesBuildPhase section */
		CEE63D921F151A8200261349 /* Sources */ = {
			isa = PBXSourcesBuildPhase;
			buildActionMask = 2147483647;
			files = (
				CEE63DCD1F151B9B00261349 /* AppDelegate.swift in Sources */,
			);
			runOnlyForDeploymentPostprocessing = 0;
		};
		CEE63DA61F151A8300261349 /* Sources */ = {
			isa = PBXSourcesBuildPhase;
			buildActionMask = 2147483647;
			files = (
				CEE63DAF1F151A8300261349 /* MovieAppTests.swift in Sources */,
			);
			runOnlyForDeploymentPostprocessing = 0;
		};
/* End PBXSourcesBuildPhase section */

/* Begin PBXTargetDependency section */
		CEE63DAC1F151A8300261349 /* PBXTargetDependency */ = {
			isa = PBXTargetDependency;
			target = CEE63D951F151A8200261349 /* MovieApp */;
			targetProxy = CEE63DAB1F151A8300261349 /* PBXContainerItemProxy */;
		};
/* End PBXTargetDependency section */

/* Begin PBXVariantGroup section */
		CEE63DBA1F151B9B00261349 /* LaunchScreen.storyboard */ = {
			isa = PBXVariantGroup;
			children = (
				CEE63DBB1F151B9B00261349 /* Base */,
			);
			name = LaunchScreen.storyboard;
			sourceTree = "<group>";
		};
		CEE63DBC1F151B9B00261349 /* Main.storyboard */ = {
			isa = PBXVariantGroup;
			children = (
				CEE63DBD1F151B9B00261349 /* Base */,
			);
			name = Main.storyboard;
			sourceTree = "<group>";
		};
/* End PBXVariantGroup section */

/* Begin XCBuildConfiguration section */
		CEE63DB11F151A8300261349 /* Debug */ = {
			isa = XCBuildConfiguration;
			buildSettings = {
				ALWAYS_SEARCH_USER_PATHS = NO;
				CLANG_ANALYZER_NONNULL = YES;
				CLANG_ANALYZER_NUMBER_OBJECT_CONVERSION = YES_AGGRESSIVE;
				CLANG_CXX_LANGUAGE_STANDARD = "gnu++0x";
				CLANG_CXX_LIBRARY = "libc++";
				CLANG_ENABLE_MODULES = YES;
				CLANG_ENABLE_OBJC_ARC = YES;
				CLANG_WARN_BOOL_CONVERSION = YES;
				CLANG_WARN_CONSTANT_CONVERSION = YES;
				CLANG_WARN_DIRECT_OBJC_ISA_USAGE = YES_ERROR;
				CLANG_WARN_DOCUMENTATION_COMMENTS = YES;
				CLANG_WARN_EMPTY_BODY = YES;
				CLANG_WARN_ENUM_CONVERSION = YES;
				CLANG_WARN_INFINITE_RECURSION = YES;
				CLANG_WARN_INT_CONVERSION = YES;
				CLANG_WARN_OBJC_ROOT_CLASS = YES_ERROR;
				CLANG_WARN_SUSPICIOUS_MOVE = YES;
				CLANG_WARN_UNREACHABLE_CODE = YES;
				CLANG_WARN__DUPLICATE_METHOD_MATCH = YES;
				"CODE_SIGN_IDENTITY[sdk=iphoneos*]" = "iPhone Developer";
				COPY_PHASE_STRIP = NO;
				DEBUG_INFORMATION_FORMAT = dwarf;
				ENABLE_STRICT_OBJC_MSGSEND = YES;
				ENABLE_TESTABILITY = YES;
				GCC_C_LANGUAGE_STANDARD = gnu99;
				GCC_DYNAMIC_NO_PIC = NO;
				GCC_NO_COMMON_BLOCKS = YES;
				GCC_OPTIMIZATION_LEVEL = 0;
				GCC_PREPROCESSOR_DEFINITIONS = (
					"DEBUG=1",
					"$(inherited)",
				);
				GCC_WARN_64_TO_32_BIT_CONVERSION = YES;
				GCC_WARN_ABOUT_RETURN_TYPE = YES_ERROR;
				GCC_WARN_UNDECLARED_SELECTOR = YES;
				GCC_WARN_UNINITIALIZED_AUTOS = YES_AGGRESSIVE;
				GCC_WARN_UNUSED_FUNCTION = YES;
				GCC_WARN_UNUSED_VARIABLE = YES;
				IPHONEOS_DEPLOYMENT_TARGET = 10.3;
				MTL_ENABLE_DEBUG_INFO = YES;
				ONLY_ACTIVE_ARCH = YES;
				SDKROOT = iphoneos;
				SWIFT_ACTIVE_COMPILATION_CONDITIONS = DEBUG;
				SWIFT_OPTIMIZATION_LEVEL = "-Onone";
			};
			name = Debug;
		};
		CEE63DB21F151A8300261349 /* Release */ = {
			isa = XCBuildConfiguration;
			buildSettings = {
				ALWAYS_SEARCH_USER_PATHS = NO;
				CLANG_ANALYZER_NONNULL = YES;
				CLANG_ANALYZER_NUMBER_OBJECT_CONVERSION = YES_AGGRESSIVE;
				CLANG_CXX_LANGUAGE_STANDARD = "gnu++0x";
				CLANG_CXX_LIBRARY = "libc++";
				CLANG_ENABLE_MODULES = YES;
				CLANG_ENABLE_OBJC_ARC = YES;
				CLANG_WARN_BOOL_CONVERSION = YES;
				CLANG_WARN_CONSTANT_CONVERSION = YES;
				CLANG_WARN_DIRECT_OBJC_ISA_USAGE = YES_ERROR;
				CLANG_WARN_DOCUMENTATION_COMMENTS = YES;
				CLANG_WARN_EMPTY_BODY = YES;
				CLANG_WARN_ENUM_CONVERSION = YES;
				CLANG_WARN_INFINITE_RECURSION = YES;
				CLANG_WARN_INT_CONVERSION = YES;
				CLANG_WARN_OBJC_ROOT_CLASS = YES_ERROR;
				CLANG_WARN_SUSPICIOUS_MOVE = YES;
				CLANG_WARN_UNREACHABLE_CODE = YES;
				CLANG_WARN__DUPLICATE_METHOD_MATCH = YES;
				"CODE_SIGN_IDENTITY[sdk=iphoneos*]" = "iPhone Developer";
				COPY_PHASE_STRIP = NO;
				DEBUG_INFORMATION_FORMAT = "dwarf-with-dsym";
				ENABLE_NS_ASSERTIONS = NO;
				ENABLE_STRICT_OBJC_MSGSEND = YES;
				GCC_C_LANGUAGE_STANDARD = gnu99;
				GCC_NO_COMMON_BLOCKS = YES;
				GCC_WARN_64_TO_32_BIT_CONVERSION = YES;
				GCC_WARN_ABOUT_RETURN_TYPE = YES_ERROR;
				GCC_WARN_UNDECLARED_SELECTOR = YES;
				GCC_WARN_UNINITIALIZED_AUTOS = YES_AGGRESSIVE;
				GCC_WARN_UNUSED_FUNCTION = YES;
				GCC_WARN_UNUSED_VARIABLE = YES;
				IPHONEOS_DEPLOYMENT_TARGET = 10.3;
				MTL_ENABLE_DEBUG_INFO = NO;
				SDKROOT = iphoneos;
				SWIFT_OPTIMIZATION_LEVEL = "-Owholemodule";
				VALIDATE_PRODUCT = YES;
			};
			name = Release;
		};
		CEE63DB41F151A8300261349 /* Debug */ = {
			isa = XCBuildConfiguration;
			buildSettings = {
				ASSETCATALOG_COMPILER_APPICON_NAME = AppIcon;
				DEVELOPMENT_TEAM = "";
				INFOPLIST_FILE = MovieApp/Resources/Info.plist;
				LD_RUNPATH_SEARCH_PATHS = "$(inherited) @executable_path/Frameworks";
				PRODUCT_BUNDLE_IDENTIFIER = com.Hawish.MovieApp;
				PRODUCT_NAME = "$(TARGET_NAME)";
				SWIFT_VERSION = 3.0;
			};
			name = Debug;
		};
		CEE63DB51F151A8300261349 /* Release */ = {
			isa = XCBuildConfiguration;
			buildSettings = {
				ASSETCATALOG_COMPILER_APPICON_NAME = AppIcon;
				DEVELOPMENT_TEAM = "";
				INFOPLIST_FILE = MovieApp/Resources/Info.plist;
				LD_RUNPATH_SEARCH_PATHS = "$(inherited) @executable_path/Frameworks";
				PRODUCT_BUNDLE_IDENTIFIER = com.Hawish.MovieApp;
				PRODUCT_NAME = "$(TARGET_NAME)";
				SWIFT_VERSION = 3.0;
			};
			name = Release;
		};
		CEE63DB71F151A8300261349 /* Debug */ = {
			isa = XCBuildConfiguration;
			buildSettings = {
				ALWAYS_EMBED_SWIFT_STANDARD_LIBRARIES = YES;
				BUNDLE_LOADER = "$(TEST_HOST)";
				DEVELOPMENT_TEAM = "";
				INFOPLIST_FILE = MovieAppTests/Info.plist;
				LD_RUNPATH_SEARCH_PATHS = "$(inherited) @executable_path/Frameworks @loader_path/Frameworks";
				PRODUCT_BUNDLE_IDENTIFIER = com.Hawish.MovieAppTests;
				PRODUCT_NAME = "$(TARGET_NAME)";
				SWIFT_VERSION = 3.0;
				TEST_HOST = "$(BUILT_PRODUCTS_DIR)/MovieApp.app/MovieApp";
			};
			name = Debug;
		};
		CEE63DB81F151A8300261349 /* Release */ = {
			isa = XCBuildConfiguration;
			buildSettings = {
				ALWAYS_EMBED_SWIFT_STANDARD_LIBRARIES = YES;
				BUNDLE_LOADER = "$(TEST_HOST)";
				DEVELOPMENT_TEAM = "";
				INFOPLIST_FILE = MovieAppTests/Info.plist;
				LD_RUNPATH_SEARCH_PATHS = "$(inherited) @executable_path/Frameworks @loader_path/Frameworks";
				PRODUCT_BUNDLE_IDENTIFIER = com.Hawish.MovieAppTests;
				PRODUCT_NAME = "$(TARGET_NAME)";
				SWIFT_VERSION = 3.0;
				TEST_HOST = "$(BUILT_PRODUCTS_DIR)/MovieApp.app/MovieApp";
			};
			name = Release;
		};
/* End XCBuildConfiguration section */

/* Begin XCConfigurationList section */
		CEE63D911F151A8200261349 /* Build configuration list for PBXProject "MovieApp" */ = {
			isa = XCConfigurationList;
			buildConfigurations = (
				CEE63DB11F151A8300261349 /* Debug */,
				CEE63DB21F151A8300261349 /* Release */,
			);
			defaultConfigurationIsVisible = 0;
			defaultConfigurationName = Release;
		};
		CEE63DB31F151A8300261349 /* Build configuration list for PBXNativeTarget "MovieApp" */ = {
			isa = XCConfigurationList;
			buildConfigurations = (
				CEE63DB41F151A8300261349 /* Debug */,
				CEE63DB51F151A8300261349 /* Release */,
			);
			defaultConfigurationIsVisible = 0;
		};
		CEE63DB61F151A8300261349 /* Build configuration list for PBXNativeTarget "MovieAppTests" */ = {
			isa = XCConfigurationList;
			buildConfigurations = (
				CEE63DB71F151A8300261349 /* Debug */,
				CEE63DB81F151A8300261349 /* Release */,
			);
			defaultConfigurationIsVisible = 0;
		};
/* End XCConfigurationList section */
	};
	rootObject = CEE63D8E1F151A8200261349 /* Project object */;
}
